
Microsoft Visual Studio Solution File, Format Version 12.00
# Visual Studio Version 17
VisualStudioVersion = 17.8.34511.84
MinimumVisualStudioVersion = 10.0.40219.1
Project("{9A19103F-16F7-4668-BE54-9A1E7A4F7556}") = "Entities", "Entities\Entities.csproj", "{E7C3EF2A-5793-4249-8903-758F503A406C}"
EndProject
Project("{9A19103F-16F7-4668-BE54-9A1E7A4F7556}") = "DAL", "DAL\DAL.csproj", "{EB963765-E0D8-41E2-91B6-87483A65FAF8}"
EndProject
Project("{9A19103F-16F7-4668-BE54-9A1E7A4F7556}") = "BackEnd", "BackEnd\BackEnd.csproj", "{11BD7F05-BA38-4561-90BE-FD883A84FA57}"
EndProject
Project("{FAE04EC0-301F-11D3-BF4B-00C04F79EFBC}") = "FrontEnd", "FrontEnd\FrontEnd.csproj", "{183662F1-4B46-4A97-8329-26CDF47A6831}"
EndProject
Global
	GlobalSection(SolutionConfigurationPlatforms) = preSolution
		Debug|Any CPU = Debug|Any CPU
		Release|Any CPU = Release|Any CPU
	EndGlobalSection
	GlobalSection(ProjectConfigurationPlatforms) = postSolution
		{E7C3EF2A-5793-4249-8903-758F503A406C}.Debug|Any CPU.ActiveCfg = Debug|Any CPU
		{E7C3EF2A-5793-4249-8903-758F503A406C}.Debug|Any CPU.Build.0 = Debug|Any CPU
		{E7C3EF2A-5793-4249-8903-758F503A406C}.Release|Any CPU.ActiveCfg = Release|Any CPU
		{E7C3EF2A-5793-4249-8903-758F503A406C}.Release|Any CPU.Build.0 = Release|Any CPU
		{EB963765-E0D8-41E2-91B6-87483A65FAF8}.Debug|Any CPU.ActiveCfg = Debug|Any CPU
		{EB963765-E0D8-41E2-91B6-87483A65FAF8}.Debug|Any CPU.Build.0 = Debug|Any CPU
		{EB963765-E0D8-41E2-91B6-87483A65FAF8}.Release|Any CPU.ActiveCfg = Release|Any CPU
		{EB963765-E0D8-41E2-91B6-87483A65FAF8}.Release|Any CPU.Build.0 = Release|Any CPU
		{11BD7F05-BA38-4561-90BE-FD883A84FA57}.Debug|Any CPU.ActiveCfg = Debug|Any CPU
		{11BD7F05-BA38-4561-90BE-FD883A84FA57}.Debug|Any CPU.Build.0 = Debug|Any CPU
		{11BD7F05-BA38-4561-90BE-FD883A84FA57}.Release|Any CPU.ActiveCfg = Release|Any CPU
		{11BD7F05-BA38-4561-90BE-FD883A84FA57}.Release|Any CPU.Build.0 = Release|Any CPU
		{183662F1-4B46-4A97-8329-26CDF47A6831}.Debug|Any CPU.ActiveCfg = Debug|Any CPU
		{183662F1-4B46-4A97-8329-26CDF47A6831}.Debug|Any CPU.Build.0 = Debug|Any CPU
		{183662F1-4B46-4A97-8329-26CDF47A6831}.Release|Any CPU.ActiveCfg = Release|Any CPU
		{183662F1-4B46-4A97-8329-26CDF47A6831}.Release|Any CPU.Build.0 = Release|Any CPU
	EndGlobalSection
	GlobalSection(SolutionProperties) = preSolution
		HideSolutionNode = FALSE
	EndGlobalSection
	GlobalSection(ExtensibilityGlobals) = postSolution
		SolutionGuid = {CEC84EF3-9AEA-4885-A638-63399428C844}
	EndGlobalSection
EndGlobal
